
Microsoft Visual Studio Solution File, Format Version 12.00
# Visual Studio Version 17
VisualStudioVersion = 17.13.35825.156 d17.13
MinimumVisualStudioVersion = 10.0.40219.1
Project("{9A19103F-16F7-4668-BE54-9A1E7A4F7556}") = "SourceGenerator", "SourceGenerator\SourceGenerator.csproj", "{5F600462-587F-4AA9-9082-6E416355CF88}"
EndProject
Project("{9A19103F-16F7-4668-BE54-9A1E7A4F7556}") = "Onboarding", "Onboarding\Onboarding.csproj", "{7E3B4052-EC39-4429-BE51-2911A3A8A69E}"
EndProject
Project("{9A19103F-16F7-4668-BE54-9A1E7A4F7556}") = "ClassLibrary.Shared", "ClassLibrary.Shared\ClassLibrary.Shared.csproj", "{6FF4EC97-7439-46A6-91F4-15B5427F22BB}"
EndProject
Global
	GlobalSection(SolutionConfigurationPlatforms) = preSolution
		Debug|Any CPU = Debug|Any CPU
		Release|Any CPU = Release|Any CPU
	EndGlobalSection
	GlobalSection(ProjectConfigurationPlatforms) = postSolution
		{5F600462-587F-4AA9-9082-6E416355CF88}.Debug|Any CPU.ActiveCfg = Debug|Any CPU
		{5F600462-587F-4AA9-9082-6E416355CF88}.Debug|Any CPU.Build.0 = Debug|Any CPU
		{5F600462-587F-4AA9-9082-6E416355CF88}.Release|Any CPU.ActiveCfg = Release|Any CPU
		{5F600462-587F-4AA9-9082-6E416355CF88}.Release|Any CPU.Build.0 = Release|Any CPU
		{7E3B4052-EC39-4429-BE51-2911A3A8A69E}.Debug|Any CPU.ActiveCfg = Debug|Any CPU
		{7E3B4052-EC39-4429-BE51-2911A3A8A69E}.Debug|Any CPU.Build.0 = Debug|Any CPU
		{7E3B4052-EC39-4429-BE51-2911A3A8A69E}.Release|Any CPU.ActiveCfg = Release|Any CPU
		{7E3B4052-EC39-4429-BE51-2911A3A8A69E}.Release|Any CPU.Build.0 = Release|Any CPU
		{6FF4EC97-7439-46A6-91F4-15B5427F22BB}.Debug|Any CPU.ActiveCfg = Debug|Any CPU
		{6FF4EC97-7439-46A6-91F4-15B5427F22BB}.Debug|Any CPU.Build.0 = Debug|Any CPU
		{6FF4EC97-7439-46A6-91F4-15B5427F22BB}.Release|Any CPU.ActiveCfg = Release|Any CPU
		{6FF4EC97-7439-46A6-91F4-15B5427F22BB}.Release|Any CPU.Build.0 = Release|Any CPU
	EndGlobalSection
	GlobalSection(SolutionProperties) = preSolution
		HideSolutionNode = FALSE
	EndGlobalSection
	GlobalSection(ExtensibilityGlobals) = postSolution
		SolutionGuid = {32EBB2E7-5563-4928-A1C9-1BC62D65E8B6}
	EndGlobalSection
EndGlobal
